
Microsoft Visual Studio Solution File, Format Version 12.00
# Visual Studio 2013
VisualStudioVersion = 12.0.20827.3
MinimumVisualStudioVersion = 10.0.40219.1
Project("{8BC9CEB8-8B4A-11D0-8D11-00A0C91BC942}") = "TestDirectX", "TestDirectX\TestDirectX.vcxproj", "{AF809BD5-CB31-4B5B-9B9E-150F48F55ECB}"
EndProject
Global
	GlobalSection(SolutionConfigurationPlatforms) = preSolution
		Debug|ARM = Debug|ARM
		Debug|Win32 = Debug|Win32
		Debug|x64 = Debug|x64
		Release|ARM = Release|ARM
		Release|Win32 = Release|Win32
		Release|x64 = Release|x64
	EndGlobalSection
	GlobalSection(ProjectConfigurationPlatforms) = postSolution
		{AF809BD5-CB31-4B5B-9B9E-150F48F55ECB}.Debug|ARM.ActiveCfg = Debug|ARM
		{AF809BD5-CB31-4B5B-9B9E-150F48F55ECB}.Debug|ARM.Build.0 = Debug|ARM
		{AF809BD5-CB31-4B5B-9B9E-150F48F55ECB}.Debug|ARM.Deploy.0 = Debug|ARM
		{AF809BD5-CB31-4B5B-9B9E-150F48F55ECB}.Debug|Win32.ActiveCfg = Debug|Win32
		{AF809BD5-CB31-4B5B-9B9E-150F48F55ECB}.Debug|Win32.Build.0 = Debug|Win32
		{AF809BD5-CB31-4B5B-9B9E-150F48F55ECB}.Debug|Win32.Deploy.0 = Debug|Win32
		{AF809BD5-CB31-4B5B-9B9E-150F48F55ECB}.Debug|x64.ActiveCfg = Debug|x64
		{AF809BD5-CB31-4B5B-9B9E-150F48F55ECB}.Debug|x64.Build.0 = Debug|x64
		{AF809BD5-CB31-4B5B-9B9E-150F48F55ECB}.Debug|x64.Deploy.0 = Debug|x64
		{AF809BD5-CB31-4B5B-9B9E-150F48F55ECB}.Release|ARM.ActiveCfg = Release|ARM
		{AF809BD5-CB31-4B5B-9B9E-150F48F55ECB}.Release|ARM.Build.0 = Release|ARM
		{AF809BD5-CB31-4B5B-9B9E-150F48F55ECB}.Release|ARM.Deploy.0 = Release|ARM
		{AF809BD5-CB31-4B5B-9B9E-150F48F55ECB}.Release|Win32.ActiveCfg = Release|Win32
		{AF809BD5-CB31-4B5B-9B9E-150F48F55ECB}.Release|Win32.Build.0 = Release|Win32
		{AF809BD5-CB31-4B5B-9B9E-150F48F55ECB}.Release|Win32.Deploy.0 = Release|Win32
		{AF809BD5-CB31-4B5B-9B9E-150F48F55ECB}.Release|x64.ActiveCfg = Release|x64
		{AF809BD5-CB31-4B5B-9B9E-150F48F55ECB}.Release|x64.Build.0 = Release|x64
		{AF809BD5-CB31-4B5B-9B9E-150F48F55ECB}.Release|x64.Deploy.0 = Release|x64
	EndGlobalSection
	GlobalSection(SolutionProperties) = preSolution
		HideSolutionNode = FALSE
	EndGlobalSection
EndGlobal
